// !$*UTF8*$!
{
	archiveVersion = 1;
	classes = {
	};
	objectVersion = 46;
	objects = {

/* Begin PBXBuildFile section */
		58774D17478D28E7103D5491 /* libPods-JLNews.a in Frameworks */ = {isa = PBXBuildFile; fileRef = 453B93D5DA373877302E69A8 /* libPods-JLNews.a */; };
		8D01B6791BFA11BC00C32761 /* JLNetworking.m in Sources */ = {isa = PBXBuildFile; fileRef = 8D01B6781BFA11BC00C32761 /* JLNetworking.m */; };
		8D0CB16C1BDCAF45008E9A08 /* main.m in Sources */ = {isa = PBXBuildFile; fileRef = 8D0CB16B1BDCAF45008E9A08 /* main.m */; };
		8D0CB16F1BDCAF45008E9A08 /* AppDelegate.m in Sources */ = {isa = PBXBuildFile; fileRef = 8D0CB16E1BDCAF45008E9A08 /* AppDelegate.m */; };
		8D0CB1721BDCAF45008E9A08 /* ViewController.m in Sources */ = {isa = PBXBuildFile; fileRef = 8D0CB1711BDCAF45008E9A08 /* ViewController.m */; };
		8D0CB1751BDCAF45008E9A08 /* Main.storyboard in Resources */ = {isa = PBXBuildFile; fileRef = 8D0CB1731BDCAF45008E9A08 /* Main.storyboard */; };
		8D0CB1771BDCAF45008E9A08 /* Images.xcassets in Resources */ = {isa = PBXBuildFile; fileRef = 8D0CB1761BDCAF45008E9A08 /* Images.xcassets */; };
		8D0CB17A1BDCAF45008E9A08 /* LaunchScreen.xib in Resources */ = {isa = PBXBuildFile; fileRef = 8D0CB1781BDCAF45008E9A08 /* LaunchScreen.xib */; };
		8D0CB1861BDCAF45008E9A08 /* JLNewsTests.m in Sources */ = {isa = PBXBuildFile; fileRef = 8D0CB1851BDCAF45008E9A08 /* JLNewsTests.m */; };
		8D0CB1911BDCBE4C008E9A08 /* TableViewCell.m in Sources */ = {isa = PBXBuildFile; fileRef = 8D0CB1901BDCBE4C008E9A08 /* TableViewCell.m */; };
		8D0CB1941BDCCAF5008E9A08 /* ImageTableViewCell.m in Sources */ = {isa = PBXBuildFile; fileRef = 8D0CB1931BDCCAF5008E9A08 /* ImageTableViewCell.m */; };
		8D0CB1971BDCD12E008E9A08 /* News.m in Sources */ = {isa = PBXBuildFile; fileRef = 8D0CB1961BDCD12E008E9A08 /* News.m */; };
		8D6D85A01BDD02B7009708EC /* NewsViewController.m in Sources */ = {isa = PBXBuildFile; fileRef = 8D6D859F1BDD02B7009708EC /* NewsViewController.m */; };
		8D6D85A31BDD2382009708EC /* SearchViewController.m in Sources */ = {isa = PBXBuildFile; fileRef = 8D6D85A21BDD2382009708EC /* SearchViewController.m */; };
		8DACA8F91BFB718800DDBD62 /* NewsNoImage.png in Resources */ = {isa = PBXBuildFile; fileRef = 8DACA8F81BFB718800DDBD62 /* NewsNoImage.png */; };
		8DC03ADA1BFC59A600793909 /* JLDatabase.m in Sources */ = {isa = PBXBuildFile; fileRef = 8DC03AD91BFC59A600793909 /* JLDatabase.m */; };
		8DC03ADD1BFC6D3000793909 /* JLProgressHUD.m in Sources */ = {isa = PBXBuildFile; fileRef = 8DC03ADC1BFC6D3000793909 /* JLProgressHUD.m */; };
		8DC03AE21BFCBD8F00793909 /* FavouriteViewController.m in Sources */ = {isa = PBXBuildFile; fileRef = 8DC03AE11BFCBD8F00793909 /* FavouriteViewController.m */; };
		8DC03AE51BFCC52900793909 /* BaseViewController.m in Sources */ = {isa = PBXBuildFile; fileRef = 8DC03AE41BFCC52900793909 /* BaseViewController.m */; };
		8DC03AE81BFCDD0300793909 /* JLNavigationController.m in Sources */ = {isa = PBXBuildFile; fileRef = 8DC03AE71BFCDD0300793909 /* JLNavigationController.m */; };
		8DC03AEB1BFCE32600793909 /* JLTabBarController.m in Sources */ = {isa = PBXBuildFile; fileRef = 8DC03AEA1BFCE32600793909 /* JLTabBarController.m */; };
/* End PBXBuildFile section */

/* Begin PBXContainerItemProxy section */
		8D0CB1801BDCAF45008E9A08 /* PBXContainerItemProxy */ = {
			isa = PBXContainerItemProxy;
			containerPortal = 8D0CB15E1BDCAF45008E9A08 /* Project object */;
			proxyType = 1;
			remoteGlobalIDString = 8D0CB1651BDCAF45008E9A08;
			remoteInfo = JLNews;
		};
/* End PBXContainerItemProxy section */

/* Begin PBXFileReference section */
		17840031EEAA53056D8B6962 /* Pods-JLNews.release.xcconfig */ = {isa = PBXFileReference; includeInIndex = 1; lastKnownFileType = text.xcconfig; name = "Pods-JLNews.release.xcconfig"; path = "Pods/Target Support Files/Pods-JLNews/Pods-JLNews.release.xcconfig"; sourceTree = "<group>"; };
		453B93D5DA373877302E69A8 /* libPods-JLNews.a */ = {isa = PBXFileReference; explicitFileType = archive.ar; includeInIndex = 0; path = "libPods-JLNews.a"; sourceTree = BUILT_PRODUCTS_DIR; };
		8155A5E64452BEB91E2740C6 /* Pods-JLNews.debug.xcconfig */ = {isa = PBXFileReference; includeInIndex = 1; lastKnownFileType = text.xcconfig; name = "Pods-JLNews.debug.xcconfig"; path = "Pods/Target Support Files/Pods-JLNews/Pods-JLNews.debug.xcconfig"; sourceTree = "<group>"; };
		8D01B6771BFA11BC00C32761 /* JLNetworking.h */ = {isa = PBXFileReference; fileEncoding = 4; lastKnownFileType = sourcecode.c.h; path = JLNetworking.h; sourceTree = "<group>"; };
		8D01B6781BFA11BC00C32761 /* JLNetworking.m */ = {isa = PBXFileReference; fileEncoding = 4; lastKnownFileType = sourcecode.c.objc; path = JLNetworking.m; sourceTree = "<group>"; };
		8D0CB1661BDCAF45008E9A08 /* JLNews.app */ = {isa = PBXFileReference; explicitFileType = wrapper.application; includeInIndex = 0; path = JLNews.app; sourceTree = BUILT_PRODUCTS_DIR; };
		8D0CB16A1BDCAF45008E9A08 /* Info.plist */ = {isa = PBXFileReference; lastKnownFileType = text.plist.xml; path = Info.plist; sourceTree = "<group>"; };
		8D0CB16B1BDCAF45008E9A08 /* main.m */ = {isa = PBXFileReference; lastKnownFileType = sourcecode.c.objc; path = main.m; sourceTree = "<group>"; };
		8D0CB16D1BDCAF45008E9A08 /* AppDelegate.h */ = {isa = PBXFileReference; lastKnownFileType = sourcecode.c.h; path = AppDelegate.h; sourceTree = "<group>"; };
		8D0CB16E1BDCAF45008E9A08 /* AppDelegate.m */ = {isa = PBXFileReference; lastKnownFileType = sourcecode.c.objc; path = AppDelegate.m; sourceTree = "<group>"; };
		8D0CB1701BDCAF45008E9A08 /* ViewController.h */ = {isa = PBXFileReference; lastKnownFileType = sourcecode.c.h; path = ViewController.h; sourceTree = "<group>"; };
		8D0CB1711BDCAF45008E9A08 /* ViewController.m */ = {isa = PBXFileReference; lastKnownFileType = sourcecode.c.objc; path = ViewController.m; sourceTree = "<group>"; };
		8D0CB1741BDCAF45008E9A08 /* Base */ = {isa = PBXFileReference; lastKnownFileType = file.storyboard; name = Base; path = Base.lproj/Main.storyboard; sourceTree = "<group>"; };
		8D0CB1761BDCAF45008E9A08 /* Images.xcassets */ = {isa = PBXFileReference; lastKnownFileType = folder.assetcatalog; path = Images.xcassets; sourceTree = "<group>"; };
		8D0CB1791BDCAF45008E9A08 /* Base */ = {isa = PBXFileReference; lastKnownFileType = file.xib; name = Base; path = Base.lproj/LaunchScreen.xib; sourceTree = "<group>"; };
		8D0CB17F1BDCAF45008E9A08 /* JLNewsTests.xctest */ = {isa = PBXFileReference; explicitFileType = wrapper.cfbundle; includeInIndex = 0; path = JLNewsTests.xctest; sourceTree = BUILT_PRODUCTS_DIR; };
		8D0CB1841BDCAF45008E9A08 /* Info.plist */ = {isa = PBXFileReference; lastKnownFileType = text.plist.xml; path = Info.plist; sourceTree = "<group>"; };
		8D0CB1851BDCAF45008E9A08 /* JLNewsTests.m */ = {isa = PBXFileReference; lastKnownFileType = sourcecode.c.objc; path = JLNewsTests.m; sourceTree = "<group>"; };
		8D0CB18F1BDCBE4C008E9A08 /* TableViewCell.h */ = {isa = PBXFileReference; fileEncoding = 4; lastKnownFileType = sourcecode.c.h; path = TableViewCell.h; sourceTree = "<group>"; };
		8D0CB1901BDCBE4C008E9A08 /* TableViewCell.m */ = {isa = PBXFileReference; fileEncoding = 4; lastKnownFileType = sourcecode.c.objc; path = TableViewCell.m; sourceTree = "<group>"; };
		8D0CB1921BDCCAF5008E9A08 /* ImageTableViewCell.h */ = {isa = PBXFileReference; fileEncoding = 4; lastKnownFileType = sourcecode.c.h; path = ImageTableViewCell.h; sourceTree = "<group>"; };
		8D0CB1931BDCCAF5008E9A08 /* ImageTableViewCell.m */ = {isa = PBXFileReference; fileEncoding = 4; lastKnownFileType = sourcecode.c.objc; path = ImageTableViewCell.m; sourceTree = "<group>"; };
		8D0CB1951BDCD12E008E9A08 /* News.h */ = {isa = PBXFileReference; fileEncoding = 4; lastKnownFileType = sourcecode.c.h; path = News.h; sourceTree = "<group>"; };
		8D0CB1961BDCD12E008E9A08 /* News.m */ = {isa = PBXFileReference; fileEncoding = 4; lastKnownFileType = sourcecode.c.objc; path = News.m; sourceTree = "<group>"; };
		8D6D859E1BDD02B7009708EC /* NewsViewController.h */ = {isa = PBXFileReference; fileEncoding = 4; lastKnownFileType = sourcecode.c.h; path = NewsViewController.h; sourceTree = "<group>"; };
		8D6D859F1BDD02B7009708EC /* NewsViewController.m */ = {isa = PBXFileReference; fileEncoding = 4; lastKnownFileType = sourcecode.c.objc; path = NewsViewController.m; sourceTree = "<group>"; };
		8D6D85A11BDD2382009708EC /* SearchViewController.h */ = {isa = PBXFileReference; fileEncoding = 4; lastKnownFileType = sourcecode.c.h; path = SearchViewController.h; sourceTree = "<group>"; };
		8D6D85A21BDD2382009708EC /* SearchViewController.m */ = {isa = PBXFileReference; fileEncoding = 4; lastKnownFileType = sourcecode.c.objc; path = SearchViewController.m; sourceTree = "<group>"; };
		8DACA8F81BFB718800DDBD62 /* NewsNoImage.png */ = {isa = PBXFileReference; lastKnownFileType = image.png; path = NewsNoImage.png; sourceTree = "<group>"; };
		8DC03AD81BFC59A600793909 /* JLDatabase.h */ = {isa = PBXFileReference; fileEncoding = 4; lastKnownFileType = sourcecode.c.h; path = JLDatabase.h; sourceTree = "<group>"; };
		8DC03AD91BFC59A600793909 /* JLDatabase.m */ = {isa = PBXFileReference; fileEncoding = 4; lastKnownFileType = sourcecode.c.objc; path = JLDatabase.m; sourceTree = "<group>"; };
		8DC03ADB1BFC6D3000793909 /* JLProgressHUD.h */ = {isa = PBXFileReference; fileEncoding = 4; lastKnownFileType = sourcecode.c.h; path = JLProgressHUD.h; sourceTree = "<group>"; };
		8DC03ADC1BFC6D3000793909 /* JLProgressHUD.m */ = {isa = PBXFileReference; fileEncoding = 4; lastKnownFileType = sourcecode.c.objc; path = JLProgressHUD.m; sourceTree = "<group>"; };
		8DC03AE01BFCBD8F00793909 /* FavouriteViewController.h */ = {isa = PBXFileReference; fileEncoding = 4; lastKnownFileType = sourcecode.c.h; path = FavouriteViewController.h; sourceTree = "<group>"; };
		8DC03AE11BFCBD8F00793909 /* FavouriteViewController.m */ = {isa = PBXFileReference; fileEncoding = 4; lastKnownFileType = sourcecode.c.objc; path = FavouriteViewController.m; sourceTree = "<group>"; };
		8DC03AE31BFCC52900793909 /* BaseViewController.h */ = {isa = PBXFileReference; fileEncoding = 4; lastKnownFileType = sourcecode.c.h; path = BaseViewController.h; sourceTree = "<group>"; };
		8DC03AE41BFCC52900793909 /* BaseViewController.m */ = {isa = PBXFileReference; fileEncoding = 4; lastKnownFileType = sourcecode.c.objc; path = BaseViewController.m; sourceTree = "<group>"; };
		8DC03AE61BFCDD0300793909 /* JLNavigationController.h */ = {isa = PBXFileReference; fileEncoding = 4; lastKnownFileType = sourcecode.c.h; path = JLNavigationController.h; sourceTree = "<group>"; };
		8DC03AE71BFCDD0300793909 /* JLNavigationController.m */ = {isa = PBXFileReference; fileEncoding = 4; lastKnownFileType = sourcecode.c.objc; path = JLNavigationController.m; sourceTree = "<group>"; };
		8DC03AE91BFCE32600793909 /* JLTabBarController.h */ = {isa = PBXFileReference; fileEncoding = 4; lastKnownFileType = sourcecode.c.h; path = JLTabBarController.h; sourceTree = "<group>"; };
		8DC03AEA1BFCE32600793909 /* JLTabBarController.m */ = {isa = PBXFileReference; fileEncoding = 4; lastKnownFileType = sourcecode.c.objc; path = JLTabBarController.m; sourceTree = "<group>"; };
/* End PBXFileReference section */

/* Begin PBXFrameworksBuildPhase section */
		8D0CB1631BDCAF45008E9A08 /* Frameworks */ = {
			isa = PBXFrameworksBuildPhase;
			buildActionMask = 2147483647;
			files = (
				58774D17478D28E7103D5491 /* libPods-JLNews.a in Frameworks */,
			);
			runOnlyForDeploymentPostprocessing = 0;
		};
		8D0CB17C1BDCAF45008E9A08 /* Frameworks */ = {
			isa = PBXFrameworksBuildPhase;
			buildActionMask = 2147483647;
			files = (
			);
			runOnlyForDeploymentPostprocessing = 0;
		};
/* End PBXFrameworksBuildPhase section */

/* Begin PBXGroup section */
		4CAC784878CDE97B8F2C8177 /* Frameworks */ = {
			isa = PBXGroup;
			children = (
				453B93D5DA373877302E69A8 /* libPods-JLNews.a */,
			);
			name = Frameworks;
			sourceTree = "<group>";
		};
		85F264DC61270EFDB2164722 /* Pods */ = {
			isa = PBXGroup;
			children = (
				8155A5E64452BEB91E2740C6 /* Pods-JLNews.debug.xcconfig */,
				17840031EEAA53056D8B6962 /* Pods-JLNews.release.xcconfig */,
			);
			name = Pods;
			sourceTree = "<group>";
		};
		8D0CB15D1BDCAF45008E9A08 = {
			isa = PBXGroup;
			children = (
				8D0CB1681BDCAF45008E9A08 /* JLNews */,
				8D0CB1821BDCAF45008E9A08 /* JLNewsTests */,
				8D0CB1671BDCAF45008E9A08 /* Products */,
				85F264DC61270EFDB2164722 /* Pods */,
				4CAC784878CDE97B8F2C8177 /* Frameworks */,
			);
			sourceTree = "<group>";
		};
		8D0CB1671BDCAF45008E9A08 /* Products */ = {
			isa = PBXGroup;
			children = (
				8D0CB1661BDCAF45008E9A08 /* JLNews.app */,
				8D0CB17F1BDCAF45008E9A08 /* JLNewsTests.xctest */,
			);
			name = Products;
			sourceTree = "<group>";
		};
		8D0CB1681BDCAF45008E9A08 /* JLNews */ = {
			isa = PBXGroup;
			children = (
				8DC03ADF1BFCBC4900793909 /* Model */,
				8DC03ADE1BFCBC3300793909 /* View */,
				8DC03AD71BFC598000793909 /* Unitis */,
				8DACA8F81BFB718800DDBD62 /* NewsNoImage.png */,
				8D0CB16D1BDCAF45008E9A08 /* AppDelegate.h */,
				8D0CB16E1BDCAF45008E9A08 /* AppDelegate.m */,
				8DC03AE31BFCC52900793909 /* BaseViewController.h */,
				8DC03AE41BFCC52900793909 /* BaseViewController.m */,
				8D0CB1701BDCAF45008E9A08 /* ViewController.h */,
				8D0CB1711BDCAF45008E9A08 /* ViewController.m */,
				8DC03AE01BFCBD8F00793909 /* FavouriteViewController.h */,
				8DC03AE11BFCBD8F00793909 /* FavouriteViewController.m */,
				8D0CB1731BDCAF45008E9A08 /* Main.storyboard */,
				8DC03AE91BFCE32600793909 /* JLTabBarController.h */,
				8DC03AEA1BFCE32600793909 /* JLTabBarController.m */,
				8DC03AE61BFCDD0300793909 /* JLNavigationController.h */,
				8DC03AE71BFCDD0300793909 /* JLNavigationController.m */,
				8D6D85A11BDD2382009708EC /* SearchViewController.h */,
				8D6D85A21BDD2382009708EC /* SearchViewController.m */,
				8D6D859E1BDD02B7009708EC /* NewsViewController.h */,
				8D6D859F1BDD02B7009708EC /* NewsViewController.m */,
				8D0CB1761BDCAF45008E9A08 /* Images.xcassets */,
				8D0CB1781BDCAF45008E9A08 /* LaunchScreen.xib */,
				8D0CB1691BDCAF45008E9A08 /* Supporting Files */,
			);
			path = JLNews;
			sourceTree = "<group>";
		};
		8D0CB1691BDCAF45008E9A08 /* Supporting Files */ = {
			isa = PBXGroup;
			children = (
				8D0CB16A1BDCAF45008E9A08 /* Info.plist */,
				8D0CB16B1BDCAF45008E9A08 /* main.m */,
			);
			name = "Supporting Files";
			sourceTree = "<group>";
		};
		8D0CB1821BDCAF45008E9A08 /* JLNewsTests */ = {
			isa = PBXGroup;
			children = (
				8D0CB1851BDCAF45008E9A08 /* JLNewsTests.m */,
				8D0CB1831BDCAF45008E9A08 /* Supporting Files */,
			);
			path = JLNewsTests;
			sourceTree = "<group>";
		};
		8D0CB1831BDCAF45008E9A08 /* Supporting Files */ = {
			isa = PBXGroup;
			children = (
				8D0CB1841BDCAF45008E9A08 /* Info.plist */,
			);
			name = "Supporting Files";
			sourceTree = "<group>";
		};
		8DC03AD71BFC598000793909 /* Unitis */ = {
			isa = PBXGroup;
			children = (
				8D01B6771BFA11BC00C32761 /* JLNetworking.h */,
				8D01B6781BFA11BC00C32761 /* JLNetworking.m */,
				8DC03AD81BFC59A600793909 /* JLDatabase.h */,
				8DC03AD91BFC59A600793909 /* JLDatabase.m */,
				8DC03ADB1BFC6D3000793909 /* JLProgressHUD.h */,
				8DC03ADC1BFC6D3000793909 /* JLProgressHUD.m */,
			);
			name = Unitis;
			sourceTree = "<group>";
		};
		8DC03ADE1BFCBC3300793909 /* View */ = {
			isa = PBXGroup;
			children = (
				8D0CB18F1BDCBE4C008E9A08 /* TableViewCell.h */,
				8D0CB1901BDCBE4C008E9A08 /* TableViewCell.m */,
				8D0CB1921BDCCAF5008E9A08 /* ImageTableViewCell.h */,
				8D0CB1931BDCCAF5008E9A08 /* ImageTableViewCell.m */,
			);
			name = View;
			sourceTree = "<group>";
		};
		8DC03ADF1BFCBC4900793909 /* Model */ = {
			isa = PBXGroup;
			children = (
				8D0CB1951BDCD12E008E9A08 /* News.h */,
				8D0CB1961BDCD12E008E9A08 /* News.m */,
			);
			name = Model;
			sourceTree = "<group>";
		};
/* End PBXGroup section */

/* Begin PBXNativeTarget section */
		8D0CB1651BDCAF45008E9A08 /* JLNews */ = {
			isa = PBXNativeTarget;
			buildConfigurationList = 8D0CB1891BDCAF45008E9A08 /* Build configuration list for PBXNativeTarget "JLNews" */;
			buildPhases = (
				D0C9317E6D380929522E68AD /* Check Pods Manifest.lock */,
				8D0CB1621BDCAF45008E9A08 /* Sources */,
				8D0CB1631BDCAF45008E9A08 /* Frameworks */,
				8D0CB1641BDCAF45008E9A08 /* Resources */,
				74A2708EA00E6D61DF188B1B /* Embed Pods Frameworks */,
				C94A5356CE61ABA716FB2BFA /* Copy Pods Resources */,
			);
			buildRules = (
			);
			dependencies = (
			);
			name = JLNews;
			productName = JLNews;
			productReference = 8D0CB1661BDCAF45008E9A08 /* JLNews.app */;
			productType = "com.apple.product-type.application";
		};
		8D0CB17E1BDCAF45008E9A08 /* JLNewsTests */ = {
			isa = PBXNativeTarget;
			buildConfigurationList = 8D0CB18C1BDCAF45008E9A08 /* Build configuration list for PBXNativeTarget "JLNewsTests" */;
			buildPhases = (
				8D0CB17B1BDCAF45008E9A08 /* Sources */,
				8D0CB17C1BDCAF45008E9A08 /* Frameworks */,
				8D0CB17D1BDCAF45008E9A08 /* Resources */,
			);
			buildRules = (
			);
			dependencies = (
				8D0CB1811BDCAF45008E9A08 /* PBXTargetDependency */,
			);
			name = JLNewsTests;
			productName = JLNewsTests;
			productReference = 8D0CB17F1BDCAF45008E9A08 /* JLNewsTests.xctest */;
			productType = "com.apple.product-type.bundle.unit-test";
		};
/* End PBXNativeTarget section */

/* Begin PBXProject section */
		8D0CB15E1BDCAF45008E9A08 /* Project object */ = {
			isa = PBXProject;
			attributes = {
				LastUpgradeCheck = 0710;
				ORGANIZATIONNAME = Ldp;
				TargetAttributes = {
					8D0CB1651BDCAF45008E9A08 = {
						CreatedOnToolsVersion = 6.4;
					};
					8D0CB17E1BDCAF45008E9A08 = {
						CreatedOnToolsVersion = 6.4;
						TestTargetID = 8D0CB1651BDCAF45008E9A08;
					};
				};
			};
			buildConfigurationList = 8D0CB1611BDCAF45008E9A08 /* Build configuration list for PBXProject "JLNews" */;
			compatibilityVersion = "Xcode 3.2";
			developmentRegion = English;
			hasScannedForEncodings = 0;
			knownRegions = (
				en,
				Base,
			);
			mainGroup = 8D0CB15D1BDCAF45008E9A08;
			productRefGroup = 8D0CB1671BDCAF45008E9A08 /* Products */;
			projectDirPath = "";
			projectRoot = "";
			targets = (
				8D0CB1651BDCAF45008E9A08 /* JLNews */,
				8D0CB17E1BDCAF45008E9A08 /* JLNewsTests */,
			);
		};
/* End PBXProject section */

/* Begin PBXResourcesBuildPhase section */
		8D0CB1641BDCAF45008E9A08 /* Resources */ = {
			isa = PBXResourcesBuildPhase;
			buildActionMask = 2147483647;
			files = (
				8D0CB1751BDCAF45008E9A08 /* Main.storyboard in Resources */,
				8D0CB17A1BDCAF45008E9A08 /* LaunchScreen.xib in Resources */,
				8D0CB1771BDCAF45008E9A08 /* Images.xcassets in Resources */,
				8DACA8F91BFB718800DDBD62 /* NewsNoImage.png in Resources */,
			);
			runOnlyForDeploymentPostprocessing = 0;
		};
		8D0CB17D1BDCAF45008E9A08 /* Resources */ = {
			isa = PBXResourcesBuildPhase;
			buildActionMask = 2147483647;
			files = (
			);
			runOnlyForDeploymentPostprocessing = 0;
		};
/* End PBXResourcesBuildPhase section */

/* Begin PBXShellScriptBuildPhase section */
		74A2708EA00E6D61DF188B1B /* Embed Pods Frameworks */ = {
			isa = PBXShellScriptBuildPhase;
			buildActionMask = 2147483647;
			files = (
			);
			inputPaths = (
			);
			name = "Embed Pods Frameworks";
			outputPaths = (
			);
			runOnlyForDeploymentPostprocessing = 0;
			shellPath = /bin/sh;
			shellScript = "\"${SRCROOT}/Pods/Target Support Files/Pods-JLNews/Pods-JLNews-frameworks.sh\"\n";
			showEnvVarsInLog = 0;
		};
		C94A5356CE61ABA716FB2BFA /* Copy Pods Resources */ = {
			isa = PBXShellScriptBuildPhase;
			buildActionMask = 2147483647;
			files = (
			);
			inputPaths = (
			);
			name = "Copy Pods Resources";
			outputPaths = (
			);
			runOnlyForDeploymentPostprocessing = 0;
			shellPath = /bin/sh;
			shellScript = "\"${SRCROOT}/Pods/Target Support Files/Pods-JLNews/Pods-JLNews-resources.sh\"\n";
			showEnvVarsInLog = 0;
		};
		D0C9317E6D380929522E68AD /* Check Pods Manifest.lock */ = {
			isa = PBXShellScriptBuildPhase;
			buildActionMask = 2147483647;
			files = (
			);
			inputPaths = (
			);
			name = "Check Pods Manifest.lock";
			outputPaths = (
			);
			runOnlyForDeploymentPostprocessing = 0;
			shellPath = /bin/sh;
			shellScript = "diff \"${PODS_ROOT}/../Podfile.lock\" \"${PODS_ROOT}/Manifest.lock\" > /dev/null\nif [[ $? != 0 ]] ; then\n    cat << EOM\nerror: The sandbox is not in sync with the Podfile.lock. Run 'pod install' or update your CocoaPods installation.\nEOM\n    exit 1\nfi\n";
			showEnvVarsInLog = 0;
		};
/* End PBXShellScriptBuildPhase section */

/* Begin PBXSourcesBuildPhase section */
		8D0CB1621BDCAF45008E9A08 /* Sources */ = {
			isa = PBXSourcesBuildPhase;
			buildActionMask = 2147483647;
			files = (
				8DC03AE21BFCBD8F00793909 /* FavouriteViewController.m in Sources */,
				8D0CB1721BDCAF45008E9A08 /* ViewController.m in Sources */,
				8DC03ADD1BFC6D3000793909 /* JLProgressHUD.m in Sources */,
				8D0CB1911BDCBE4C008E9A08 /* TableViewCell.m in Sources */,
				8D0CB1971BDCD12E008E9A08 /* News.m in Sources */,
				8DC03AEB1BFCE32600793909 /* JLTabBarController.m in Sources */,
				8D0CB1941BDCCAF5008E9A08 /* ImageTableViewCell.m in Sources */,
				8D01B6791BFA11BC00C32761 /* JLNetworking.m in Sources */,
				8DC03AE81BFCDD0300793909 /* JLNavigationController.m in Sources */,
				8D0CB16F1BDCAF45008E9A08 /* AppDelegate.m in Sources */,
				8DC03ADA1BFC59A600793909 /* JLDatabase.m in Sources */,
				8DC03AE51BFCC52900793909 /* BaseViewController.m in Sources */,
				8D0CB16C1BDCAF45008E9A08 /* main.m in Sources */,
				8D6D85A31BDD2382009708EC /* SearchViewController.m in Sources */,
				8D6D85A01BDD02B7009708EC /* NewsViewController.m in Sources */,
			);
			runOnlyForDeploymentPostprocessing = 0;
		};
		8D0CB17B1BDCAF45008E9A08 /* Sources */ = {
			isa = PBXSourcesBuildPhase;
			buildActionMask = 2147483647;
			files = (
				8D0CB1861BDCAF45008E9A08 /* JLNewsTests.m in Sources */,
			);
			runOnlyForDeploymentPostprocessing = 0;
		};
/* End PBXSourcesBuildPhase section */

/* Begin PBXTargetDependency section */
		8D0CB1811BDCAF45008E9A08 /* PBXTargetDependency */ = {
			isa = PBXTargetDependency;
			target = 8D0CB1651BDCAF45008E9A08 /* JLNews */;
			targetProxy = 8D0CB1801BDCAF45008E9A08 /* PBXContainerItemProxy */;
		};
/* End PBXTargetDependency section */

/* Begin PBXVariantGroup section */
		8D0CB1731BDCAF45008E9A08 /* Main.storyboard */ = {
			isa = PBXVariantGroup;
			children = (
				8D0CB1741BDCAF45008E9A08 /* Base */,
			);
			name = Main.storyboard;
			sourceTree = "<group>";
		};
		8D0CB1781BDCAF45008E9A08 /* LaunchScreen.xib */ = {
			isa = PBXVariantGroup;
			children = (
				8D0CB1791BDCAF45008E9A08 /* Base */,
			);
			name = LaunchScreen.xib;
			sourceTree = "<group>";
		};
/* End PBXVariantGroup section */

/* Begin XCBuildConfiguration section */
		8D0CB1871BDCAF45008E9A08 /* Debug */ = {
			isa = XCBuildConfiguration;
			buildSettings = {
				ALWAYS_SEARCH_USER_PATHS = NO;
				CLANG_CXX_LANGUAGE_STANDARD = "gnu++0x";
				CLANG_CXX_LIBRARY = "libc++";
				CLANG_ENABLE_MODULES = YES;
				CLANG_ENABLE_OBJC_ARC = YES;
				CLANG_WARN_BOOL_CONVERSION = YES;
				CLANG_WARN_CONSTANT_CONVERSION = YES;
				CLANG_WARN_DIRECT_OBJC_ISA_USAGE = YES_ERROR;
				CLANG_WARN_EMPTY_BODY = YES;
				CLANG_WARN_ENUM_CONVERSION = YES;
				CLANG_WARN_INT_CONVERSION = YES;
				CLANG_WARN_OBJC_ROOT_CLASS = YES_ERROR;
				CLANG_WARN_UNREACHABLE_CODE = YES;
				CLANG_WARN__DUPLICATE_METHOD_MATCH = YES;
				"CODE_SIGN_IDENTITY[sdk=iphoneos*]" = "iPhone Developer";
				COPY_PHASE_STRIP = NO;
				DEBUG_INFORMATION_FORMAT = "dwarf-with-dsym";
				ENABLE_STRICT_OBJC_MSGSEND = YES;
				ENABLE_TESTABILITY = YES;
				GCC_C_LANGUAGE_STANDARD = gnu99;
				GCC_DYNAMIC_NO_PIC = NO;
				GCC_NO_COMMON_BLOCKS = YES;
				GCC_OPTIMIZATION_LEVEL = 0;
				GCC_PREPROCESSOR_DEFINITIONS = (
					"DEBUG=1",
					"$(inherited)",
				);
				GCC_SYMBOLS_PRIVATE_EXTERN = NO;
				GCC_WARN_64_TO_32_BIT_CONVERSION = YES;
				GCC_WARN_ABOUT_RETURN_TYPE = YES_ERROR;
				GCC_WARN_UNDECLARED_SELECTOR = YES;
				GCC_WARN_UNINITIALIZED_AUTOS = YES_AGGRESSIVE;
				GCC_WARN_UNUSED_FUNCTION = YES;
				GCC_WARN_UNUSED_VARIABLE = YES;
				IPHONEOS_DEPLOYMENT_TARGET = 8.0;
				MTL_ENABLE_DEBUG_INFO = YES;
				ONLY_ACTIVE_ARCH = YES;
				SDKROOT = iphoneos;
			};
			name = Debug;
		};
		8D0CB1881BDCAF45008E9A08 /* Release */ = {
			isa = XCBuildConfiguration;
			buildSettings = {
				ALWAYS_SEARCH_USER_PATHS = NO;
				CLANG_CXX_LANGUAGE_STANDARD = "gnu++0x";
				CLANG_CXX_LIBRARY = "libc++";
				CLANG_ENABLE_MODULES = YES;
				CLANG_ENABLE_OBJC_ARC = YES;
				CLANG_WARN_BOOL_CONVERSION = YES;
				CLANG_WARN_CONSTANT_CONVERSION = YES;
				CLANG_WARN_DIRECT_OBJC_ISA_USAGE = YES_ERROR;
				CLANG_WARN_EMPTY_BODY = YES;
				CLANG_WARN_ENUM_CONVERSION = YES;
				CLANG_WARN_INT_CONVERSION = YES;
				CLANG_WARN_OBJC_ROOT_CLASS = YES_ERROR;
				CLANG_WARN_UNREACHABLE_CODE = YES;
				CLANG_WARN__DUPLICATE_METHOD_MATCH = YES;
				"CODE_SIGN_IDENTITY[sdk=iphoneos*]" = "iPhone Developer";
				COPY_PHASE_STRIP = NO;
				DEBUG_INFORMATION_FORMAT = "dwarf-with-dsym";
				ENABLE_NS_ASSERTIONS = NO;
				ENABLE_STRICT_OBJC_MSGSEND = YES;
				GCC_C_LANGUAGE_STANDARD = gnu99;
				GCC_NO_COMMON_BLOCKS = YES;
				GCC_WARN_64_TO_32_BIT_CONVERSION = YES;
				GCC_WARN_ABOUT_RETURN_TYPE = YES_ERROR;
				GCC_WARN_UNDECLARED_SELECTOR = YES;
				GCC_WARN_UNINITIALIZED_AUTOS = YES_AGGRESSIVE;
				GCC_WARN_UNUSED_FUNCTION = YES;
				GCC_WARN_UNUSED_VARIABLE = YES;
				IPHONEOS_DEPLOYMENT_TARGET = 8.0;
				MTL_ENABLE_DEBUG_INFO = NO;
				SDKROOT = iphoneos;
				VALIDATE_PRODUCT = YES;
			};
			name = Release;
		};
		8D0CB18A1BDCAF45008E9A08 /* Debug */ = {
			isa = XCBuildConfiguration;
			baseConfigurationReference = 8155A5E64452BEB91E2740C6 /* Pods-JLNews.debug.xcconfig */;
			buildSettings = {
				ASSETCATALOG_COMPILER_APPICON_NAME = AppIcon;
				INFOPLIST_FILE = JLNews/Info.plist;
				IPHONEOS_DEPLOYMENT_TARGET = 8.0;
				LD_RUNPATH_SEARCH_PATHS = "$(inherited) @executable_path/Frameworks";
				PRODUCT_BUNDLE_IDENTIFIER = "Ldp.$(PRODUCT_NAME:rfc1034identifier)";
				PRODUCT_NAME = "$(TARGET_NAME)";
			};
			name = Debug;
		};
		8D0CB18B1BDCAF45008E9A08 /* Release */ = {
			isa = XCBuildConfiguration;
			baseConfigurationReference = 17840031EEAA53056D8B6962 /* Pods-JLNews.release.xcconfig */;
			buildSettings = {
				ASSETCATALOG_COMPILER_APPICON_NAME = AppIcon;
				INFOPLIST_FILE = JLNews/Info.plist;
				IPHONEOS_DEPLOYMENT_TARGET = 8.0;
				LD_RUNPATH_SEARCH_PATHS = "$(inherited) @executable_path/Frameworks";
				PRODUCT_BUNDLE_IDENTIFIER = "Ldp.$(PRODUCT_NAME:rfc1034identifier)";
				PRODUCT_NAME = "$(TARGET_NAME)";
			};
			name = Release;
		};
		8D0CB18D1BDCAF45008E9A08 /* Debug */ = {
			isa = XCBuildConfiguration;
			buildSettings = {
				BUNDLE_LOADER = "$(TEST_HOST)";
				FRAMEWORK_SEARCH_PATHS = "$(PLATFORM_DIR)/Developer/Library/Frameworks";
				GCC_PREPROCESSOR_DEFINITIONS = (
					"DEBUG=1",
					"$(inherited)",
				);
				INFOPLIST_FILE = JLNewsTests/Info.plist;
				LD_RUNPATH_SEARCH_PATHS = "$(inherited) @executable_path/Frameworks @loader_path/Frameworks";
				PRODUCT_BUNDLE_IDENTIFIER = "Ldp.$(PRODUCT_NAME:rfc1034identifier)";
				PRODUCT_NAME = "$(TARGET_NAME)";
				TEST_HOST = "$(BUILT_PRODUCTS_DIR)/JLNews.app/JLNews";
			};
			name = Debug;
		};
		8D0CB18E1BDCAF45008E9A08 /* Release */ = {
			isa = XCBuildConfiguration;
			buildSettings = {
				BUNDLE_LOADER = "$(TEST_HOST)";
				FRAMEWORK_SEARCH_PATHS = "$(PLATFORM_DIR)/Developer/Library/Frameworks";
				INFOPLIST_FILE = JLNewsTests/Info.plist;
				LD_RUNPATH_SEARCH_PATHS = "$(inherited) @executable_path/Frameworks @loader_path/Frameworks";
				PRODUCT_BUNDLE_IDENTIFIER = "Ldp.$(PRODUCT_NAME:rfc1034identifier)";
				PRODUCT_NAME = "$(TARGET_NAME)";
				TEST_HOST = "$(BUILT_PRODUCTS_DIR)/JLNews.app/JLNews";
			};
			name = Release;
		};
/* End XCBuildConfiguration section */

/* Begin XCConfigurationList section */
		8D0CB1611BDCAF45008E9A08 /* Build configuration list for PBXProject "JLNews" */ = {
			isa = XCConfigurationList;
			buildConfigurations = (
				8D0CB1871BDCAF45008E9A08 /* Debug */,
				8D0CB1881BDCAF45008E9A08 /* Release */,
			);
			defaultConfigurationIsVisible = 0;
			defaultConfigurationName = Release;
		};
		8D0CB1891BDCAF45008E9A08 /* Build configuration list for PBXNativeTarget "JLNews" */ = {
			isa = XCConfigurationList;
			buildConfigurations = (
				8D0CB18A1BDCAF45008E9A08 /* Debug */,
				8D0CB18B1BDCAF45008E9A08 /* Release */,
			);
			defaultConfigurationIsVisible = 0;
			defaultConfigurationName = Release;
		};
		8D0CB18C1BDCAF45008E9A08 /* Build configuration list for PBXNativeTarget "JLNewsTests" */ = {
			isa = XCConfigurationList;
			buildConfigurations = (
				8D0CB18D1BDCAF45008E9A08 /* Debug */,
				8D0CB18E1BDCAF45008E9A08 /* Release */,
			);
			defaultConfigurationIsVisible = 0;
			defaultConfigurationName = Release;
		};
/* End XCConfigurationList section */
	};
	rootObject = 8D0CB15E1BDCAF45008E9A08 /* Project object */;
}
